{
  "originHash" : "08d0b984c1afe29fa37f4a1f3908b4ffd591ea52e0dbc6a643620913090f01c9",
  "pins" : [
    {
      "identity" : "taxionomy",
      "kind" : "remoteSourceControl",
      "location" : "https://github.com/oliveware/Taxionomy",
      "state" : {
        "branch" : "main",
        "revision" : "135b2bacd966f0e78971c3721201ac4ec67cd923"
      }
    }
  ],
  "version" : 3
}
